// !$*UTF8*$!
{
	archiveVersion = 1;
	classes = {
	};
	objectVersion = 50;
	objects = {

/* Begin PBXBuildFile section */
		406B7D407F24500C883227B5 /* Pods_TodoListTests.framework in Frameworks */ = {isa = PBXBuildFile; fileRef = E829E7AC21327F7551472CAB /* Pods_TodoListTests.framework */; };
		607851AB2449CE4900D76919 /* EditTaskViewController.swift in Sources */ = {isa = PBXBuildFile; fileRef = 607851AA2449CE4900D76919 /* EditTaskViewController.swift */; };
		60F8405624469CB6001FD099 /* AppDelegate.swift in Sources */ = {isa = PBXBuildFile; fileRef = 60F8405524469CB6001FD099 /* AppDelegate.swift */; };
		60F8405D24469CBA001FD099 /* Assets.xcassets in Resources */ = {isa = PBXBuildFile; fileRef = 60F8405C24469CBA001FD099 /* Assets.xcassets */; };
		60F8406024469CBA001FD099 /* LaunchScreen.storyboard in Resources */ = {isa = PBXBuildFile; fileRef = 60F8405E24469CBA001FD099 /* LaunchScreen.storyboard */; };
		60F8406B24469CBA001FD099 /* TodoListTests.swift in Sources */ = {isa = PBXBuildFile; fileRef = 60F8406A24469CBA001FD099 /* TodoListTests.swift */; };
		60F840782446A000001FD099 /* UIView+Ext.swift in Sources */ = {isa = PBXBuildFile; fileRef = 60F840772446A000001FD099 /* UIView+Ext.swift */; };
		60F8407A2446A58D001FD099 /* TaskTableViewCell.swift in Sources */ = {isa = PBXBuildFile; fileRef = 60F840792446A58D001FD099 /* TaskTableViewCell.swift */; };
		60F8407C2446B5DA001FD099 /* ViewController.swift in Sources */ = {isa = PBXBuildFile; fileRef = 60F8407B2446B5DA001FD099 /* ViewController.swift */; };
		60F8407E2446C8EA001FD099 /* TaskDetailViewController.swift in Sources */ = {isa = PBXBuildFile; fileRef = 60F8407D2446C8EA001FD099 /* TaskDetailViewController.swift */; };
		60F840852446FE73001FD099 /* Task.swift in Sources */ = {isa = PBXBuildFile; fileRef = 60F840842446FE73001FD099 /* Task.swift */; };
		60F8408724480467001FD099 /* AddTaskViewController.swift in Sources */ = {isa = PBXBuildFile; fileRef = 60F8408624480467001FD099 /* AddTaskViewController.swift */; };
		A6D3144A25E2238BA545E6FD /* Pods_TodoList.framework in Frameworks */ = {isa = PBXBuildFile; fileRef = 5058A0D99B23CA6937073F17 /* Pods_TodoList.framework */; };
/* End PBXBuildFile section */

/* Begin PBXContainerItemProxy section */
		60F8406724469CBA001FD099 /* PBXContainerItemProxy */ = {
			isa = PBXContainerItemProxy;
			containerPortal = 60F8404A24469CB6001FD099 /* Project object */;
			proxyType = 1;
			remoteGlobalIDString = 60F8405124469CB6001FD099;
			remoteInfo = TodoList;
		};
/* End PBXContainerItemProxy section */

/* Begin PBXFileReference section */
		0EADC9713186C263D2950D2C /* Pods-TodoList.debug.xcconfig */ = {isa = PBXFileReference; includeInIndex = 1; lastKnownFileType = text.xcconfig; name = "Pods-TodoList.debug.xcconfig"; path = "Target Support Files/Pods-TodoList/Pods-TodoList.debug.xcconfig"; sourceTree = "<group>"; };
		5058A0D99B23CA6937073F17 /* Pods_TodoList.framework */ = {isa = PBXFileReference; explicitFileType = wrapper.framework; includeInIndex = 0; path = Pods_TodoList.framework; sourceTree = BUILT_PRODUCTS_DIR; };
		51BCB11F709195737FD7C0C3 /* Pods-TodoListTests.debug.xcconfig */ = {isa = PBXFileReference; includeInIndex = 1; lastKnownFileType = text.xcconfig; name = "Pods-TodoListTests.debug.xcconfig"; path = "Target Support Files/Pods-TodoListTests/Pods-TodoListTests.debug.xcconfig"; sourceTree = "<group>"; };
		607851AA2449CE4900D76919 /* EditTaskViewController.swift */ = {isa = PBXFileReference; lastKnownFileType = sourcecode.swift; path = EditTaskViewController.swift; sourceTree = "<group>"; };
		60F8405224469CB6001FD099 /* TodoList.app */ = {isa = PBXFileReference; explicitFileType = wrapper.application; includeInIndex = 0; path = TodoList.app; sourceTree = BUILT_PRODUCTS_DIR; };
		60F8405524469CB6001FD099 /* AppDelegate.swift */ = {isa = PBXFileReference; lastKnownFileType = sourcecode.swift; path = AppDelegate.swift; sourceTree = "<group>"; };
		60F8405C24469CBA001FD099 /* Assets.xcassets */ = {isa = PBXFileReference; lastKnownFileType = folder.assetcatalog; path = Assets.xcassets; sourceTree = "<group>"; };
		60F8405F24469CBA001FD099 /* Base */ = {isa = PBXFileReference; lastKnownFileType = file.storyboard; name = Base; path = Base.lproj/LaunchScreen.storyboard; sourceTree = "<group>"; };
		60F8406124469CBA001FD099 /* Info.plist */ = {isa = PBXFileReference; lastKnownFileType = text.plist.xml; path = Info.plist; sourceTree = "<group>"; };
		60F8406624469CBA001FD099 /* TodoListTests.xctest */ = {isa = PBXFileReference; explicitFileType = wrapper.cfbundle; includeInIndex = 0; path = TodoListTests.xctest; sourceTree = BUILT_PRODUCTS_DIR; };
		60F8406A24469CBA001FD099 /* TodoListTests.swift */ = {isa = PBXFileReference; lastKnownFileType = sourcecode.swift; path = TodoListTests.swift; sourceTree = "<group>"; };
		60F8406C24469CBA001FD099 /* Info.plist */ = {isa = PBXFileReference; lastKnownFileType = text.plist.xml; path = Info.plist; sourceTree = "<group>"; };
		60F840772446A000001FD099 /* UIView+Ext.swift */ = {isa = PBXFileReference; lastKnownFileType = sourcecode.swift; path = "UIView+Ext.swift"; sourceTree = "<group>"; };
		60F840792446A58D001FD099 /* TaskTableViewCell.swift */ = {isa = PBXFileReference; lastKnownFileType = sourcecode.swift; path = TaskTableViewCell.swift; sourceTree = "<group>"; };
		60F8407B2446B5DA001FD099 /* ViewController.swift */ = {isa = PBXFileReference; lastKnownFileType = sourcecode.swift; path = ViewController.swift; sourceTree = "<group>"; };
		60F8407D2446C8EA001FD099 /* TaskDetailViewController.swift */ = {isa = PBXFileReference; lastKnownFileType = sourcecode.swift; path = TaskDetailViewController.swift; sourceTree = "<group>"; };
		60F840842446FE73001FD099 /* Task.swift */ = {isa = PBXFileReference; lastKnownFileType = sourcecode.swift; path = Task.swift; sourceTree = "<group>"; };
		60F8408624480467001FD099 /* AddTaskViewController.swift */ = {isa = PBXFileReference; lastKnownFileType = sourcecode.swift; path = AddTaskViewController.swift; sourceTree = "<group>"; };
		6E70C631D0014256918F3B31 /* Pods-TodoListTests.release.xcconfig */ = {isa = PBXFileReference; includeInIndex = 1; lastKnownFileType = text.xcconfig; name = "Pods-TodoListTests.release.xcconfig"; path = "Target Support Files/Pods-TodoListTests/Pods-TodoListTests.release.xcconfig"; sourceTree = "<group>"; };
		A85BB15EE128D831750E67B5 /* Pods-TodoList.release.xcconfig */ = {isa = PBXFileReference; includeInIndex = 1; lastKnownFileType = text.xcconfig; name = "Pods-TodoList.release.xcconfig"; path = "Target Support Files/Pods-TodoList/Pods-TodoList.release.xcconfig"; sourceTree = "<group>"; };
		E829E7AC21327F7551472CAB /* Pods_TodoListTests.framework */ = {isa = PBXFileReference; explicitFileType = wrapper.framework; includeInIndex = 0; path = Pods_TodoListTests.framework; sourceTree = BUILT_PRODUCTS_DIR; };
/* End PBXFileReference section */

/* Begin PBXFrameworksBuildPhase section */
		60F8404F24469CB6001FD099 /* Frameworks */ = {
			isa = PBXFrameworksBuildPhase;
			buildActionMask = 2147483647;
			files = (
				A6D3144A25E2238BA545E6FD /* Pods_TodoList.framework in Frameworks */,
			);
			runOnlyForDeploymentPostprocessing = 0;
		};
		60F8406324469CBA001FD099 /* Frameworks */ = {
			isa = PBXFrameworksBuildPhase;
			buildActionMask = 2147483647;
			files = (
				406B7D407F24500C883227B5 /* Pods_TodoListTests.framework in Frameworks */,
			);
			runOnlyForDeploymentPostprocessing = 0;
		};
/* End PBXFrameworksBuildPhase section */

/* Begin PBXGroup section */
		60F8404924469CB6001FD099 = {
			isa = PBXGroup;
			children = (
				60F8405424469CB6001FD099 /* TodoList */,
				60F8406924469CBA001FD099 /* TodoListTests */,
				60F8405324469CB6001FD099 /* Products */,
				FEC95275DE43C2B2E14E2C7F /* Pods */,
				E3A38299132D48271BB651FB /* Frameworks */,
			);
			sourceTree = "<group>";
		};
		60F8405324469CB6001FD099 /* Products */ = {
			isa = PBXGroup;
			children = (
				60F8405224469CB6001FD099 /* TodoList.app */,
				60F8406624469CBA001FD099 /* TodoListTests.xctest */,
			);
			name = Products;
			sourceTree = "<group>";
		};
		60F8405424469CB6001FD099 /* TodoList */ = {
			isa = PBXGroup;
			children = (
				60F840832446FE58001FD099 /* Model */,
				60F8405524469CB6001FD099 /* AppDelegate.swift */,
				60F8407B2446B5DA001FD099 /* ViewController.swift */,
				60F8408624480467001FD099 /* AddTaskViewController.swift */,
				60F8407D2446C8EA001FD099 /* TaskDetailViewController.swift */,
				607851AA2449CE4900D76919 /* EditTaskViewController.swift */,
				60F840792446A58D001FD099 /* TaskTableViewCell.swift */,
				60F8405C24469CBA001FD099 /* Assets.xcassets */,
				60F8405E24469CBA001FD099 /* LaunchScreen.storyboard */,
				60F8406124469CBA001FD099 /* Info.plist */,
				60F840772446A000001FD099 /* UIView+Ext.swift */,
			);
			path = TodoList;
			sourceTree = "<group>";
		};
		60F8406924469CBA001FD099 /* TodoListTests */ = {
			isa = PBXGroup;
			children = (
				60F8406A24469CBA001FD099 /* TodoListTests.swift */,
				60F8406C24469CBA001FD099 /* Info.plist */,
			);
			path = TodoListTests;
			sourceTree = "<group>";
		};
		60F840832446FE58001FD099 /* Model */ = {
			isa = PBXGroup;
			children = (
				60F840842446FE73001FD099 /* Task.swift */,
			);
			path = Model;
			sourceTree = "<group>";
		};
		E3A38299132D48271BB651FB /* Frameworks */ = {
			isa = PBXGroup;
			children = (
				5058A0D99B23CA6937073F17 /* Pods_TodoList.framework */,
				E829E7AC21327F7551472CAB /* Pods_TodoListTests.framework */,
			);
			name = Frameworks;
			sourceTree = "<group>";
		};
		FEC95275DE43C2B2E14E2C7F /* Pods */ = {
			isa = PBXGroup;
			children = (
				0EADC9713186C263D2950D2C /* Pods-TodoList.debug.xcconfig */,
				A85BB15EE128D831750E67B5 /* Pods-TodoList.release.xcconfig */,
				51BCB11F709195737FD7C0C3 /* Pods-TodoListTests.debug.xcconfig */,
				6E70C631D0014256918F3B31 /* Pods-TodoListTests.release.xcconfig */,
			);
			name = Pods;
			path = Pods;
			sourceTree = "<group>";
		};
/* End PBXGroup section */

/* Begin PBXNativeTarget section */
		60F8405124469CB6001FD099 /* TodoList */ = {
			isa = PBXNativeTarget;
			buildConfigurationList = 60F8406F24469CBA001FD099 /* Build configuration list for PBXNativeTarget "TodoList" */;
			buildPhases = (
				7605CA9562FD2B0A165474DE /* [CP] Check Pods Manifest.lock */,
				60F8404E24469CB6001FD099 /* Sources */,
				60F8404F24469CB6001FD099 /* Frameworks */,
				60F8405024469CB6001FD099 /* Resources */,
				DC88907A71F7B40D34DBCE98 /* [CP] Embed Pods Frameworks */,
			);
			buildRules = (
			);
			dependencies = (
			);
			name = TodoList;
			productName = TodoList;
			productReference = 60F8405224469CB6001FD099 /* TodoList.app */;
			productType = "com.apple.product-type.application";
		};
		60F8406524469CBA001FD099 /* TodoListTests */ = {
			isa = PBXNativeTarget;
			buildConfigurationList = 60F8407224469CBA001FD099 /* Build configuration list for PBXNativeTarget "TodoListTests" */;
			buildPhases = (
				E9AF3905CFD4A051AA1DC8BD /* [CP] Check Pods Manifest.lock */,
				60F8406224469CBA001FD099 /* Sources */,
				60F8406324469CBA001FD099 /* Frameworks */,
				60F8406424469CBA001FD099 /* Resources */,
			);
			buildRules = (
			);
			dependencies = (
				60F8406824469CBA001FD099 /* PBXTargetDependency */,
			);
			name = TodoListTests;
			productName = TodoListTests;
			productReference = 60F8406624469CBA001FD099 /* TodoListTests.xctest */;
			productType = "com.apple.product-type.bundle.unit-test";
		};
/* End PBXNativeTarget section */

/* Begin PBXProject section */
		60F8404A24469CB6001FD099 /* Project object */ = {
			isa = PBXProject;
			attributes = {
				LastSwiftUpdateCheck = 1030;
				LastUpgradeCheck = 1030;
				ORGANIZATIONNAME = "Iskandar Herputra Wahidiyat";
				TargetAttributes = {
					60F8405124469CB6001FD099 = {
						CreatedOnToolsVersion = 10.3;
					};
					60F8406524469CBA001FD099 = {
						CreatedOnToolsVersion = 10.3;
						TestTargetID = 60F8405124469CB6001FD099;
					};
				};
			};
			buildConfigurationList = 60F8404D24469CB6001FD099 /* Build configuration list for PBXProject "TodoList" */;
			compatibilityVersion = "Xcode 9.3";
			developmentRegion = en;
			hasScannedForEncodings = 0;
			knownRegions = (
				en,
				Base,
			);
			mainGroup = 60F8404924469CB6001FD099;
			productRefGroup = 60F8405324469CB6001FD099 /* Products */;
			projectDirPath = "";
			projectRoot = "";
			targets = (
				60F8405124469CB6001FD099 /* TodoList */,
				60F8406524469CBA001FD099 /* TodoListTests */,
			);
		};
/* End PBXProject section */

/* Begin PBXResourcesBuildPhase section */
		60F8405024469CB6001FD099 /* Resources */ = {
			isa = PBXResourcesBuildPhase;
			buildActionMask = 2147483647;
			files = (
				60F8406024469CBA001FD099 /* LaunchScreen.storyboard in Resources */,
				60F8405D24469CBA001FD099 /* Assets.xcassets in Resources */,
			);
			runOnlyForDeploymentPostprocessing = 0;
		};
		60F8406424469CBA001FD099 /* Resources */ = {
			isa = PBXResourcesBuildPhase;
			buildActionMask = 2147483647;
			files = (
			);
			runOnlyForDeploymentPostprocessing = 0;
		};
/* End PBXResourcesBuildPhase section */

/* Begin PBXShellScriptBuildPhase section */
		7605CA9562FD2B0A165474DE /* [CP] Check Pods Manifest.lock */ = {
			isa = PBXShellScriptBuildPhase;
			buildActionMask = 2147483647;
			files = (
			);
			inputFileListPaths = (
			);
			inputPaths = (
				"${PODS_PODFILE_DIR_PATH}/Podfile.lock",
				"${PODS_ROOT}/Manifest.lock",
			);
			name = "[CP] Check Pods Manifest.lock";
			outputFileListPaths = (
			);
			outputPaths = (
				"$(DERIVED_FILE_DIR)/Pods-TodoList-checkManifestLockResult.txt",
			);
			runOnlyForDeploymentPostprocessing = 0;
			shellPath = /bin/sh;
			shellScript = "diff \"${PODS_PODFILE_DIR_PATH}/Podfile.lock\" \"${PODS_ROOT}/Manifest.lock\" > /dev/null\nif [ $? != 0 ] ; then\n    # print error to STDERR\n    echo \"error: The sandbox is not in sync with the Podfile.lock. Run 'pod install' or update your CocoaPods installation.\" >&2\n    exit 1\nfi\n# This output is used by Xcode 'outputs' to avoid re-running this script phase.\necho \"SUCCESS\" > \"${SCRIPT_OUTPUT_FILE_0}\"\n";
			showEnvVarsInLog = 0;
		};
		DC88907A71F7B40D34DBCE98 /* [CP] Embed Pods Frameworks */ = {
			isa = PBXShellScriptBuildPhase;
			buildActionMask = 2147483647;
			files = (
			);
			inputFileListPaths = (
				"${PODS_ROOT}/Target Support Files/Pods-TodoList/Pods-TodoList-frameworks-${CONFIGURATION}-input-files.xcfilelist",
			);
			name = "[CP] Embed Pods Frameworks";
			outputFileListPaths = (
				"${PODS_ROOT}/Target Support Files/Pods-TodoList/Pods-TodoList-frameworks-${CONFIGURATION}-output-files.xcfilelist",
			);
			runOnlyForDeploymentPostprocessing = 0;
			shellPath = /bin/sh;
			shellScript = "\"${PODS_ROOT}/Target Support Files/Pods-TodoList/Pods-TodoList-frameworks.sh\"\n";
			showEnvVarsInLog = 0;
		};
		E9AF3905CFD4A051AA1DC8BD /* [CP] Check Pods Manifest.lock */ = {
			isa = PBXShellScriptBuildPhase;
			buildActionMask = 2147483647;
			files = (
			);
			inputFileListPaths = (
			);
			inputPaths = (
				"${PODS_PODFILE_DIR_PATH}/Podfile.lock",
				"${PODS_ROOT}/Manifest.lock",
			);
			name = "[CP] Check Pods Manifest.lock";
			outputFileListPaths = (
			);
			outputPaths = (
				"$(DERIVED_FILE_DIR)/Pods-TodoListTests-checkManifestLockResult.txt",
			);
			runOnlyForDeploymentPostprocessing = 0;
			shellPath = /bin/sh;
			shellScript = "diff \"${PODS_PODFILE_DIR_PATH}/Podfile.lock\" \"${PODS_ROOT}/Manifest.lock\" > /dev/null\nif [ $? != 0 ] ; then\n    # print error to STDERR\n    echo \"error: The sandbox is not in sync with the Podfile.lock. Run 'pod install' or update your CocoaPods installation.\" >&2\n    exit 1\nfi\n# This output is used by Xcode 'outputs' to avoid re-running this script phase.\necho \"SUCCESS\" > \"${SCRIPT_OUTPUT_FILE_0}\"\n";
			showEnvVarsInLog = 0;
		};
/* End PBXShellScriptBuildPhase section */

/* Begin PBXSourcesBuildPhase section */
		60F8404E24469CB6001FD099 /* Sources */ = {
			isa = PBXSourcesBuildPhase;
			buildActionMask = 2147483647;
			files = (
				60F8407E2446C8EA001FD099 /* TaskDetailViewController.swift in Sources */,
				60F8408724480467001FD099 /* AddTaskViewController.swift in Sources */,
				60F8407C2446B5DA001FD099 /* ViewController.swift in Sources */,
				60F8407A2446A58D001FD099 /* TaskTableViewCell.swift in Sources */,
				60F8405624469CB6001FD099 /* AppDelegate.swift in Sources */,
				60F840852446FE73001FD099 /* Task.swift in Sources */,
				60F840782446A000001FD099 /* UIView+Ext.swift in Sources */,
				607851AB2449CE4900D76919 /* EditTaskViewController.swift in Sources */,
			);
			runOnlyForDeploymentPostprocessing = 0;
		};
		60F8406224469CBA001FD099 /* Sources */ = {
			isa = PBXSourcesBuildPhase;
			buildActionMask = 2147483647;
			files = (
				60F8406B24469CBA001FD099 /* TodoListTests.swift in Sources */,
			);
			runOnlyForDeploymentPostprocessing = 0;
		};
/* End PBXSourcesBuildPhase section */

/* Begin PBXTargetDependency section */
		60F8406824469CBA001FD099 /* PBXTargetDependency */ = {
			isa = PBXTargetDependency;
			target = 60F8405124469CB6001FD099 /* TodoList */;
			targetProxy = 60F8406724469CBA001FD099 /* PBXContainerItemProxy */;
		};
/* End PBXTargetDependency section */

/* Begin PBXVariantGroup section */
		60F8405E24469CBA001FD099 /* LaunchScreen.storyboard */ = {
			isa = PBXVariantGroup;
			children = (
				60F8405F24469CBA001FD099 /* Base */,
			);
			name = LaunchScreen.storyboard;
			sourceTree = "<group>";
		};
/* End PBXVariantGroup section */

/* Begin XCBuildConfiguration section */
		60F8406D24469CBA001FD099 /* Debug */ = {
			isa = XCBuildConfiguration;
			buildSettings = {
				ALWAYS_SEARCH_USER_PATHS = NO;
				CLANG_ANALYZER_NONNULL = YES;
				CLANG_ANALYZER_NUMBER_OBJECT_CONVERSION = YES_AGGRESSIVE;
				CLANG_CXX_LANGUAGE_STANDARD = "gnu++14";
				CLANG_CXX_LIBRARY = "libc++";
				CLANG_ENABLE_MODULES = YES;
				CLANG_ENABLE_OBJC_ARC = YES;
				CLANG_ENABLE_OBJC_WEAK = YES;
				CLANG_WARN_BLOCK_CAPTURE_AUTORELEASING = YES;
				CLANG_WARN_BOOL_CONVERSION = YES;
				CLANG_WARN_COMMA = YES;
				CLANG_WARN_CONSTANT_CONVERSION = YES;
				CLANG_WARN_DEPRECATED_OBJC_IMPLEMENTATIONS = YES;
				CLANG_WARN_DIRECT_OBJC_ISA_USAGE = YES_ERROR;
				CLANG_WARN_DOCUMENTATION_COMMENTS = YES;
				CLANG_WARN_EMPTY_BODY = YES;
				CLANG_WARN_ENUM_CONVERSION = YES;
				CLANG_WARN_INFINITE_RECURSION = YES;
				CLANG_WARN_INT_CONVERSION = YES;
				CLANG_WARN_NON_LITERAL_NULL_CONVERSION = YES;
				CLANG_WARN_OBJC_IMPLICIT_RETAIN_SELF = YES;
				CLANG_WARN_OBJC_LITERAL_CONVERSION = YES;
				CLANG_WARN_OBJC_ROOT_CLASS = YES_ERROR;
				CLANG_WARN_RANGE_LOOP_ANALYSIS = YES;
				CLANG_WARN_STRICT_PROTOTYPES = YES;
				CLANG_WARN_SUSPICIOUS_MOVE = YES;
				CLANG_WARN_UNGUARDED_AVAILABILITY = YES_AGGRESSIVE;
				CLANG_WARN_UNREACHABLE_CODE = YES;
				CLANG_WARN__DUPLICATE_METHOD_MATCH = YES;
				CODE_SIGN_IDENTITY = "iPhone Developer";
				COPY_PHASE_STRIP = NO;
				DEBUG_INFORMATION_FORMAT = dwarf;
				ENABLE_STRICT_OBJC_MSGSEND = YES;
				ENABLE_TESTABILITY = YES;
				GCC_C_LANGUAGE_STANDARD = gnu11;
				GCC_DYNAMIC_NO_PIC = NO;
				GCC_NO_COMMON_BLOCKS = YES;
				GCC_OPTIMIZATION_LEVEL = 0;
				GCC_PREPROCESSOR_DEFINITIONS = (
					"DEBUG=1",
					"$(inherited)",
				);
				GCC_WARN_64_TO_32_BIT_CONVERSION = YES;
				GCC_WARN_ABOUT_RETURN_TYPE = YES_ERROR;
				GCC_WARN_UNDECLARED_SELECTOR = YES;
				GCC_WARN_UNINITIALIZED_AUTOS = YES_AGGRESSIVE;
				GCC_WARN_UNUSED_FUNCTION = YES;
				GCC_WARN_UNUSED_VARIABLE = YES;
				IPHONEOS_DEPLOYMENT_TARGET = 12.4;
				MTL_ENABLE_DEBUG_INFO = INCLUDE_SOURCE;
				MTL_FAST_MATH = YES;
				ONLY_ACTIVE_ARCH = YES;
				SDKROOT = iphoneos;
				SWIFT_ACTIVE_COMPILATION_CONDITIONS = DEBUG;
				SWIFT_OPTIMIZATION_LEVEL = "-Onone";
			};
			name = Debug;
		};
		60F8406E24469CBA001FD099 /* Release */ = {
			isa = XCBuildConfiguration;
			buildSettings = {
				ALWAYS_SEARCH_USER_PATHS = NO;
				CLANG_ANALYZER_NONNULL = YES;
				CLANG_ANALYZER_NUMBER_OBJECT_CONVERSION = YES_AGGRESSIVE;
				CLANG_CXX_LANGUAGE_STANDARD = "gnu++14";
				CLANG_CXX_LIBRARY = "libc++";
				CLANG_ENABLE_MODULES = YES;
				CLANG_ENABLE_OBJC_ARC = YES;
				CLANG_ENABLE_OBJC_WEAK = YES;
				CLANG_WARN_BLOCK_CAPTURE_AUTORELEASING = YES;
				CLANG_WARN_BOOL_CONVERSION = YES;
				CLANG_WARN_COMMA = YES;
				CLANG_WARN_CONSTANT_CONVERSION = YES;
				CLANG_WARN_DEPRECATED_OBJC_IMPLEMENTATIONS = YES;
				CLANG_WARN_DIRECT_OBJC_ISA_USAGE = YES_ERROR;
				CLANG_WARN_DOCUMENTATION_COMMENTS = YES;
				CLANG_WARN_EMPTY_BODY = YES;
				CLANG_WARN_ENUM_CONVERSION = YES;
				CLANG_WARN_INFINITE_RECURSION = YES;
				CLANG_WARN_INT_CONVERSION = YES;
				CLANG_WARN_NON_LITERAL_NULL_CONVERSION = YES;
				CLANG_WARN_OBJC_IMPLICIT_RETAIN_SELF = YES;
				CLANG_WARN_OBJC_LITERAL_CONVERSION = YES;
				CLANG_WARN_OBJC_ROOT_CLASS = YES_ERROR;
				CLANG_WARN_RANGE_LOOP_ANALYSIS = YES;
				CLANG_WARN_STRICT_PROTOTYPES = YES;
				CLANG_WARN_SUSPICIOUS_MOVE = YES;
				CLANG_WARN_UNGUARDED_AVAILABILITY = YES_AGGRESSIVE;
				CLANG_WARN_UNREACHABLE_CODE = YES;
				CLANG_WARN__DUPLICATE_METHOD_MATCH = YES;
				CODE_SIGN_IDENTITY = "iPhone Developer";
				COPY_PHASE_STRIP = NO;
				DEBUG_INFORMATION_FORMAT = "dwarf-with-dsym";
				ENABLE_NS_ASSERTIONS = NO;
				ENABLE_STRICT_OBJC_MSGSEND = YES;
				GCC_C_LANGUAGE_STANDARD = gnu11;
				GCC_NO_COMMON_BLOCKS = YES;
				GCC_WARN_64_TO_32_BIT_CONVERSION = YES;
				GCC_WARN_ABOUT_RETURN_TYPE = YES_ERROR;
				GCC_WARN_UNDECLARED_SELECTOR = YES;
				GCC_WARN_UNINITIALIZED_AUTOS = YES_AGGRESSIVE;
				GCC_WARN_UNUSED_FUNCTION = YES;
				GCC_WARN_UNUSED_VARIABLE = YES;
				IPHONEOS_DEPLOYMENT_TARGET = 12.4;
				MTL_ENABLE_DEBUG_INFO = NO;
				MTL_FAST_MATH = YES;
				SDKROOT = iphoneos;
				SWIFT_COMPILATION_MODE = wholemodule;
				SWIFT_OPTIMIZATION_LEVEL = "-O";
				VALIDATE_PRODUCT = YES;
			};
			name = Release;
		};
		60F8407024469CBA001FD099 /* Debug */ = {
			isa = XCBuildConfiguration;
			baseConfigurationReference = 0EADC9713186C263D2950D2C /* Pods-TodoList.debug.xcconfig */;
			buildSettings = {
				ASSETCATALOG_COMPILER_APPICON_NAME = AppIcon;
				CODE_SIGN_STYLE = Automatic;
				DEVELOPMENT_TEAM = 6VT88Q2XM7;
				INFOPLIST_FILE = TodoList/Info.plist;
				IPHONEOS_DEPLOYMENT_TARGET = 12.0;
				LD_RUNPATH_SEARCH_PATHS = (
					"$(inherited)",
					"@executable_path/Frameworks",
				);
				PRODUCT_BUNDLE_IDENTIFIER = com.iskandarherputra.TodoList;
				PRODUCT_NAME = "$(TARGET_NAME)";
				SWIFT_VERSION = 5.0;
				TARGETED_DEVICE_FAMILY = "1,2";
			};
			name = Debug;
		};
		60F8407124469CBA001FD099 /* Release */ = {
			isa = XCBuildConfiguration;
			baseConfigurationReference = A85BB15EE128D831750E67B5 /* Pods-TodoList.release.xcconfig */;
			buildSettings = {
				ASSETCATALOG_COMPILER_APPICON_NAME = AppIcon;
				CODE_SIGN_STYLE = Automatic;
				DEVELOPMENT_TEAM = 6VT88Q2XM7;
				INFOPLIST_FILE = TodoList/Info.plist;
				IPHONEOS_DEPLOYMENT_TARGET = 12.0;
				LD_RUNPATH_SEARCH_PATHS = (
					"$(inherited)",
					"@executable_path/Frameworks",
				);
				PRODUCT_BUNDLE_IDENTIFIER = com.iskandarherputra.TodoList;
				PRODUCT_NAME = "$(TARGET_NAME)";
				SWIFT_VERSION = 5.0;
				TARGETED_DEVICE_FAMILY = "1,2";
			};
			name = Release;
		};
		60F8407324469CBA001FD099 /* Debug */ = {
			isa = XCBuildConfiguration;
			baseConfigurationReference = 51BCB11F709195737FD7C0C3 /* Pods-TodoListTests.debug.xcconfig */;
			buildSettings = {
				ALWAYS_EMBED_SWIFT_STANDARD_LIBRARIES = YES;
				BUNDLE_LOADER = "$(TEST_HOST)";
				CODE_SIGN_STYLE = Automatic;
				DEVELOPMENT_TEAM = 6VT88Q2XM7;
				INFOPLIST_FILE = TodoListTests/Info.plist;
				LD_RUNPATH_SEARCH_PATHS = (
					"$(inherited)",
					"@executable_path/Frameworks",
					"@loader_path/Frameworks",
				);
				PRODUCT_BUNDLE_IDENTIFIER = com.example.TodoListTests;
				PRODUCT_NAME = "$(TARGET_NAME)";
				SWIFT_VERSION = 5.0;
				TARGETED_DEVICE_FAMILY = "1,2";
				TEST_HOST = "$(BUILT_PRODUCTS_DIR)/TodoList.app/TodoList";
			};
			name = Debug;
		};
		60F8407424469CBA001FD099 /* Release */ = {
			isa = XCBuildConfiguration;
			baseConfigurationReference = 6E70C631D0014256918F3B31 /* Pods-TodoListTests.release.xcconfig */;
			buildSettings = {
				ALWAYS_EMBED_SWIFT_STANDARD_LIBRARIES = YES;
				BUNDLE_LOADER = "$(TEST_HOST)";
				CODE_SIGN_STYLE = Automatic;
				DEVELOPMENT_TEAM = 6VT88Q2XM7;
				INFOPLIST_FILE = TodoListTests/Info.plist;
				LD_RUNPATH_SEARCH_PATHS = (
					"$(inherited)",
					"@executable_path/Frameworks",
					"@loader_path/Frameworks",
				);
				PRODUCT_BUNDLE_IDENTIFIER = com.example.TodoListTests;
				PRODUCT_NAME = "$(TARGET_NAME)";
				SWIFT_VERSION = 5.0;
				TARGETED_DEVICE_FAMILY = "1,2";
				TEST_HOST = "$(BUILT_PRODUCTS_DIR)/TodoList.app/TodoList";
			};
			name = Release;
		};
/* End XCBuildConfiguration section */

/* Begin XCConfigurationList section */
		60F8404D24469CB6001FD099 /* Build configuration list for PBXProject "TodoList" */ = {
			isa = XCConfigurationList;
			buildConfigurations = (
				60F8406D24469CBA001FD099 /* Debug */,
				60F8406E24469CBA001FD099 /* Release */,
			);
			defaultConfigurationIsVisible = 0;
			defaultConfigurationName = Release;
		};
		60F8406F24469CBA001FD099 /* Build configuration list for PBXNativeTarget "TodoList" */ = {
			isa = XCConfigurationList;
			buildConfigurations = (
				60F8407024469CBA001FD099 /* Debug */,
				60F8407124469CBA001FD099 /* Release */,
			);
			defaultConfigurationIsVisible = 0;
			defaultConfigurationName = Release;
		};
		60F8407224469CBA001FD099 /* Build configuration list for PBXNativeTarget "TodoListTests" */ = {
			isa = XCConfigurationList;
			buildConfigurations = (
				60F8407324469CBA001FD099 /* Debug */,
				60F8407424469CBA001FD099 /* Release */,
			);
			defaultConfigurationIsVisible = 0;
			defaultConfigurationName = Release;
		};
/* End XCConfigurationList section */
	};
	rootObject = 60F8404A24469CB6001FD099 /* Project object */;
}
